dependencies:
  '@mdi/font': 5.9.55
  '@splidejs/splide': 2.4.21
  '@vueuse/core': 4.8.1_vue@3.0.11
  animejs: 3.2.1
  class-transformer: 0.4.0
  es6-shim: 0.35.6
  fp-ts: 2.10.0
  ky: 0.27.0
  plyr: 3.6.4
  reflect-metadata: 0.1.13
  superagent: 6.1.0
  vue: 3.0.11
  vue-lazy-loading: 1.0.3
  vue-router: 4.0.6_vue@3.0.11
  vuex: 4.0.0_vue@3.0.11
  vuex-persistedstate: 4.0.0-beta.3_vuex@4.0.0
  windicss: 2.5.14
devDependencies:
  '@types/animejs': 3.1.3
  '@types/lodash': 4.14.168
  '@types/node': 14.14.37
  '@types/superagent': 4.1.10
  '@vitejs/plugin-vue': 1.2.1_@vue+compiler-sfc@3.0.11
  '@vue/compiler-sfc': 3.0.11_vue@3.0.11
  sass: 1.32.8
  sass-loader: 10.1.1_sass@1.32.8
  tailwindcss-font-inter: 2.0.3
  typescript: 4.2.4
  vite: 2.1.5
  vite-plugin-windicss: 0.10.4_vite@2.1.5
  vue-cli-plugin-vuetify: 2.3.1_sass-loader@10.1.1
  vue-tsc: 0.0.8
lockfileVersion: 5.2
packages:
  /@babel/helper-validator-identifier/7.12.11:
    resolution:
      integrity: sha512-np/lG3uARFybkoHokJUmf1QfEvRVCPbmQeUQpKow5cQ3xWrV9i3rUHodKDJPQfTVX61qKi+UdYk8kik84n7XOw==
  /@babel/parser/7.13.15:
    engines:
      node: '>=6.0.0'
    hasBin: true
    resolution:
      integrity: sha512-b9COtcAlVEQljy/9fbcMHpG+UIW9ReF+gpaxDHTlZd0c6/UU9ng8zdySAW9sRTzpvcdCHn6bUcbuYUgGzLAWVQ==
  /@babel/types/7.13.14:
    dependencies:
      '@babel/helper-validator-identifier': 7.12.11
      lodash: 4.17.21
      to-fast-properties: 2.0.0
    resolution:
      integrity: sha512-A2aa3QTkWoyqsZZFl56MLUsfmh7O0gN41IPvXAE/++8ojpbz12SszD7JEGYVdn4f9Kt4amIei07swF1h4AqmmQ==
  /@mdi/font/5.9.55:
    dev: false
    resolution:
      integrity: sha512-jswRF6q3eq8NWpWiqct6q+6Fg/I7nUhrxYJfiEM8JJpap0wVJLQdbKtyS65GdlK7S7Ytnx3TTi/bmw+tBhkGmg==
  /@nodelib/fs.scandir/2.1.4:
    dependencies:
      '@nodelib/fs.stat': 2.0.4
      run-parallel: 1.2.0
    dev: true
    engines:
      node: '>= 8'
    resolution:
      integrity: sha512-33g3pMJk3bg5nXbL/+CY6I2eJDzZAni49PfJnL5fghPTggPvBd/pFNSgJsdAgWptuFu7qq/ERvOYFlhvsLTCKA==
  /@nodelib/fs.stat/2.0.4:
    dev: true
    engines:
      node: '>= 8'
    resolution:
      integrity: sha512-IYlHJA0clt2+Vg7bccq+TzRdJvv19c2INqBSsoOLp1je7xjtr7J26+WXR72MCdvU9q1qTzIWDfhMf+DRvQJK4Q==
  /@nodelib/fs.walk/1.2.6:
    dependencies:
      '@nodelib/fs.scandir': 2.1.4
      fastq: 1.11.0
    dev: true
    engines:
      node: '>= 8'
    resolution:
      integrity: sha512-8Broas6vTtW4GIXTAHDoE32hnN2M5ykgCpWGbuXHQ15vEMqr23pB76e/GZcYsZCHALv50ktd24qhEyKr6wBtow==
  /@splidejs/splide/2.4.21:
    dev: false
    resolution:
      integrity: sha512-LdIwSnmNsGybCCnA3QG2dOeRv/rQl46jf7FflXxMGX0ADYWyL6UJHWJbMZvHBi5I67uRJY1ga/W+CvJ39nH26A==
  /@types/animejs/3.1.3:
    dev: true
    resolution:
      integrity: sha512-rJsAySPkYj2guclqKYM0H3PrmztgGL36e/oEv0APwiScmlNNQ36/S1INrOKRRLdygJbEiGjYDn4MAQ9LRNP4DA==
  /@types/cookiejar/2.1.2:
    dev: true
    resolution:
      integrity: sha512-t73xJJrvdTjXrn4jLS9VSGRbz0nUY3cl2DMGDU48lKl+HR9dbbjW2A9r3g40VA++mQpy6uuHg33gy7du2BKpog==
  /@types/json-schema/7.0.7:
    dev: true
    resolution:
      integrity: sha512-cxWFQVseBm6O9Gbw1IWb8r6OS4OhSt3hPZLkFApLjM8TEXROBuQGLAH2i2gZpcXdLBIrpXuTDhH7Vbm1iXmNGA==
  /@types/lodash/4.14.168:
    dev: true
    resolution:
      integrity: sha512-oVfRvqHV/V6D1yifJbVRU3TMp8OT6o6BG+U9MkwuJ3U8/CsDHvalRpsxBqivn71ztOFZBTfJMvETbqHiaNSj7Q==
  /@types/node/14.14.37:
    dev: true
    resolution:
      integrity: sha512-XYmBiy+ohOR4Lh5jE379fV2IU+6Jn4g5qASinhitfyO71b/sCo6MKsMLF5tc7Zf2CE8hViVQyYSobJNke8OvUw==
  /@types/superagent/4.1.10:
    dependencies:
      '@types/cookiejar': 2.1.2
      '@types/node': 14.14.37
    dev: true
    resolution:
      integrity: sha512-xAgkb2CMWUMCyVc/3+7iQfOEBE75NvuZeezvmixbUw3nmENf2tCnQkW5yQLTYqvXUQ+R6EXxdqKKbal2zM5V/g==
  /@vitejs/plugin-vue/1.2.1_@vue+compiler-sfc@3.0.11:
    dependencies:
      '@vue/compiler-sfc': 3.0.11_vue@3.0.11
    dev: true
    engines:
      node: '>=12.0.0'
    peerDependencies:
      '@vue/compiler-sfc': ^3.0.6
    resolution:
      integrity: sha512-TG+LbEUNwfFrx1VyN+iq+PsiGd9MT16hUdJY+BnMXj3MrLAF8m3VYUspTDM3aXoh48YDmAkMjG4gWFRg3lbG5A==
  /@vue/compiler-core/3.0.11:
    dependencies:
      '@babel/parser': 7.13.15
      '@babel/types': 7.13.14
      '@vue/shared': 3.0.11
      estree-walker: 2.0.2
      source-map: 0.6.1
    resolution:
      integrity: sha512-6sFj6TBac1y2cWCvYCA8YzHJEbsVkX7zdRs/3yK/n1ilvRqcn983XvpBbnN3v4mZ1UiQycTvOiajJmOgN9EVgw==
  /@vue/compiler-dom/3.0.11:
    dependencies:
      '@vue/compiler-core': 3.0.11
      '@vue/shared': 3.0.11
    resolution:
      integrity: sha512-+3xB50uGeY5Fv9eMKVJs2WSRULfgwaTJsy23OIltKgMrynnIj8hTYY2UL97HCoz78aDw1VDXdrBQ4qepWjnQcw==
  /@vue/compiler-sfc/3.0.11_vue@3.0.11:
    dependencies:
      '@babel/parser': 7.13.15
      '@babel/types': 7.13.14
      '@vue/compiler-core': 3.0.11
      '@vue/compiler-dom': 3.0.11
      '@vue/compiler-ssr': 3.0.11
      '@vue/shared': 3.0.11
      consolidate: 0.16.0
      estree-walker: 2.0.2
      hash-sum: 2.0.0
      lru-cache: 5.1.1
      magic-string: 0.25.7
      merge-source-map: 1.1.0
      postcss: 8.2.10
      postcss-modules: 4.0.0_postcss@8.2.10
      postcss-selector-parser: 6.0.4
      source-map: 0.6.1
      vue: 3.0.11
    dev: true
    peerDependencies:
      vue: 3.0.11
    resolution:
      integrity: sha512-7fNiZuCecRleiyVGUWNa6pn8fB2fnuJU+3AGjbjl7r1P5wBivfl02H4pG+2aJP5gh2u+0wXov1W38tfWOphsXw==
  /@vue/compiler-ssr/3.0.11:
    dependencies:
      '@vue/compiler-dom': 3.0.11
      '@vue/shared': 3.0.11
    dev: true
    resolution:
      integrity: sha512-66yUGI8SGOpNvOcrQybRIhl2M03PJ+OrDPm78i7tvVln86MHTKhM3ERbALK26F7tXl0RkjX4sZpucCpiKs3MnA==
  /@vue/reactivity/3.0.11:
    dependencies:
      '@vue/shared': 3.0.11
    dev: false
    resolution:
      integrity: sha512-SKM3YKxtXHBPMf7yufXeBhCZ4XZDKP9/iXeQSC8bBO3ivBuzAi4aZi0bNoeE2IF2iGfP/AHEt1OU4ARj4ao/Xw==
  /@vue/runtime-core/3.0.11:
    dependencies:
      '@vue/reactivity': 3.0.11
      '@vue/shared': 3.0.11
    dev: false
    resolution:
      integrity: sha512-87XPNwHfz9JkmOlayBeCCfMh9PT2NBnv795DSbi//C/RaAnc/bGZgECjmkD7oXJ526BZbgk9QZBPdFT8KMxkAg==
  /@vue/runtime-dom/3.0.11:
    dependencies:
      '@vue/runtime-core': 3.0.11
      '@vue/shared': 3.0.11
      csstype: 2.6.16
    dev: false
    resolution:
      integrity: sha512-jm3FVQESY3y2hKZ2wlkcmFDDyqaPyU3p1IdAX92zTNeCH7I8zZ37PtlE1b9NlCtzV53WjB4TZAYh9yDCMIEumA==
  /@vue/shared/3.0.11:
    resolution:
      integrity: sha512-b+zB8A2so8eCE0JsxjL24J7vdGl8rzPQ09hZNhystm+KqSbKcAej1A+Hbva1rCMmTTqA+hFnUSDc5kouEo0JzA==
  /@vueuse/core/4.8.1_vue@3.0.11:
    dependencies:
      '@vueuse/shared': 4.8.1_vue@3.0.11
      vue-demi: 0.7.4_vue@3.0.11
    dev: false
    peerDependencies:
      vue: '*'
    resolution:
      integrity: sha512-oXFEDaKNU69Rj20/Hd7ZlmTpEtA2M19cRkZaL4A0Nl0w5Wb5In/8aK+0vtdi1VyMUXXbq6h1OGKCJcIhg5cziA==
  /@vueuse/shared/4.8.1_vue@3.0.11:
    dependencies:
      vue-demi: 0.7.4_vue@3.0.11
    dev: false
    peerDependencies:
      vue: '*'
    resolution:
      integrity: sha512-ONKJoIvZPrGCA8loK7dX+ZcjgZLikI+vPiz1lWlXs6+jZiQiZSLkmvg1NjV6Cfb6OqbDCfEScTWLbZHB7EwrRw==
  /@windicss/plugin-utils/0.10.4:
    dependencies:
      debug: 4.3.2
      fast-glob: 3.2.5
      magic-string: 0.25.7
      micromatch: 4.0.4
      pirates: 4.0.1
      sucrase: 3.18.1
      windicss: 2.5.14
    dev: true
    resolution:
      integrity: sha512-jQu69qzA56Lv18OK8U4mUTDV17st4EdPawQuaRG2VNK+ZEQWYsMNnqGxhzDTl/NhWTGCcTb3D6mlFPNo0QDOFg==
  /ajv-errors/1.0.1_ajv@6.12.6:
    dependencies:
      ajv: 6.12.6
    dev: true
    peerDependencies:
      ajv: '>=5.0.0'
    resolution:
      integrity: sha512-DCRfO/4nQ+89p/RK43i8Ezd41EqdGIU4ld7nGF8OQ14oc/we5rEntLCUa7+jrn3nn83BosfwZA0wb4pon2o8iQ==
  /ajv-keywords/3.5.2_ajv@6.12.6:
    dependencies:
      ajv: 6.12.6
    dev: true
    peerDependencies:
      ajv: ^6.9.1
    resolution:
      integrity: sha512-5p6WTN0DdTGVQk6VjcEju19IgaHudalcfabD7yhDGeA6bcQnmL+CpveLJq/3hvfwd1aof6L386Ougkx6RfyMIQ==
  /ajv/6.12.6:
    dependencies:
      fast-deep-equal: 3.1.3
      fast-json-stable-stringify: 2.1.0
      json-schema-traverse: 0.4.1
      uri-js: 4.4.1
    dev: true
    resolution:
      integrity: sha512-j3fVLgvTo527anyYyJOGTYJbG+vnnQYvE0m5mmkc1TK+nxAppkCLMIL0aZ4dblVCNoGShhm+kzE4ZUykBoMg4g==
  /animejs/3.2.1:
    dev: false
    resolution:
      integrity: sha512-sWno3ugFryK5nhiDm/2BKeFCpZv7vzerWUcUPyAZLDhMek3+S/p418ldZJbJXo5ZUOpfm2kP2XRO4NJcULMy9A==
  /ansi-styles/4.3.0:
    dependencies:
      color-convert: 2.0.1
    dev: true
    engines:
      node: '>=8'
    resolution:
      integrity: sha512-zbB9rCJAT1rbjiVDb2hqKFHNYLxgtk8NURxZ3IZwD3F6NtxbXZQCnnSi1Lkx+IDohdPlFp222wVALIheZJQSEg==
  /any-promise/1.3.0:
    dev: true
    resolution:
      integrity: sha1-q8av7tzqUugJzcA3au0845Y10X8=
  /anymatch/3.1.2:
    dependencies:
      normalize-path: 3.0.0
      picomatch: 2.2.3
    dev: true
    engines:
      node: '>= 8'
    resolution:
      integrity: sha512-P43ePfOAIupkguHUycrc4qJ9kz8ZiuOUijaETwX7THt0Y/GNK7v0aa8rY816xWjZ7rJdA5XdMcpVFTKMq+RvWg==
  /asynckit/0.4.0:
    dev: false
    resolution:
      integrity: sha1-x57Zf380y48robyXkLzDZkdLS3k=
  /balanced-match/1.0.2:
    dev: true
    resolution:
      integrity: sha512-3oSeUO0TMV67hN1AmbXsK4yaqU7tjiHlbxRDZOpH0KW9+CeX4bRAaX0Anxt0tx2MrpRpWwQaPwIlISEJhYU5Pw==
  /big-integer/1.6.48:
    dev: true
    engines:
      node: '>=0.6'
    resolution:
      integrity: sha512-j51egjPa7/i+RdiRuJbPdJ2FIUYYPhvYLjzoYbcMMm62ooO6F94fETG4MTs46zPAF9Brs04OajboA/qTGuz78w==
  /big.js/5.2.2:
    dev: true
    resolution:
      integrity: sha512-vyL2OymJxmarO8gxMr0mhChsO9QGwhynfuu4+MHTAW6czfq9humCB7rKpUjDd9YUiDPU4mzpyupFSvOClAwbmQ==
  /binary-extensions/2.2.0:
    dev: true
    engines:
      node: '>=8'
    resolution:
      integrity: sha512-jDctJ/IVQbZoJykoeHbhXpOlNBqGNcwXJKJog42E5HDPUwQTSdjCHdihjj0DlnheQ7blbT6dHOafNAiS8ooQKA==
  /binary/0.3.0:
    dependencies:
      buffers: 0.1.1
      chainsaw: 0.1.0
    dev: true
    resolution:
      integrity: sha1-n2BVO8XOjDOG87VTz/R0Yq3sqnk=
  /bluebird/3.4.7:
    dev: true
    resolution:
      integrity: sha1-9y12C+Cbf3bQjtj66Ysomo0F+rM=
  /bluebird/3.7.2:
    dev: true
    resolution:
      integrity: sha512-XpNj6GDQzdfW+r2Wnn7xiSAd7TM3jzkxGXBGTtWKuSXv1xUV+azxAm8jdWZN06QTQk+2N2XB9jRDkvbmQmcRtg==
  /brace-expansion/1.1.11:
    dependencies:
      balanced-match: 1.0.2
      concat-map: 0.0.1
    dev: true
    resolution:
      integrity: sha512-iCuPHDFgrHX7H2vEI/5xpz07zSHB00TpugqhmYtVmMO6518mCuRMoOYFldEBl0g187ufozdaHgWKcYFb61qGiA==
  /braces/3.0.2:
    dependencies:
      fill-range: 7.0.1
    dev: true
    engines:
      node: '>=8'
    resolution:
      integrity: sha512-b8um+L1RzM3WDSzvhm6gIz1yfTbBt6YTlcEKAvsmqCZZFw46z626lVj9j1yEPW33H5H+lBQpZMP1k8l+78Ha0A==
  /buffer-indexof-polyfill/1.0.2:
    dev: true
    engines:
      node: '>=0.10'
    resolution:
      integrity: sha512-I7wzHwA3t1/lwXQh+A5PbNvJxgfo5r3xulgpYDB5zckTu/Z9oUK9biouBKQUjEqzaz3HnAT6TYoovmE+GqSf7A==
  /buffers/0.1.1:
    dev: true
    engines:
      node: '>=0.2.0'
    resolution:
      integrity: sha1-skV5w77U1tOWru5tmorn9Ugqt7s=
  /call-bind/1.0.2:
    dependencies:
      function-bind: 1.1.1
      get-intrinsic: 1.1.1
    dev: false
    resolution:
      integrity: sha512-7O+FbCihrB5WGbFYesctwmTKae6rOiIzmz1icreWJ+0aA7LJfuqhEso2T9ncpcFtzMQtzXf2QGGueWJGTYsqrA==
  /chainsaw/0.1.0:
    dependencies:
      traverse: 0.3.9
    dev: true
    resolution:
      integrity: sha1-XqtQsor+WAdNDVgpE4iCi15fvJg=
  /chalk/4.1.0:
    dependencies:
      ansi-styles: 4.3.0
      supports-color: 7.2.0
    dev: true
    engines:
      node: '>=10'
    resolution:
      integrity: sha512-qwx12AxXe2Q5xQ43Ac//I6v5aXTipYrSESdOgzrN+9XjgEpyjpKuvSGaN4qE93f7TQTlerQQ8S+EQ0EyDoVL1A==
  /chokidar/3.5.1:
    dependencies:
      anymatch: 3.1.2
      braces: 3.0.2
      glob-parent: 5.1.2
      is-binary-path: 2.1.0
      is-glob: 4.0.1
      normalize-path: 3.0.0
      readdirp: 3.5.0
    dev: true
    engines:
      node: '>= 8.10.0'
    optionalDependencies:
      fsevents: 2.3.2
    resolution:
      integrity: sha512-9+s+Od+W0VJJzawDma/gvBNQqkTiqYTWLuZoyAsivsI4AaWTCzHG06/TMjsf1cYe9Cb97UCEhjz7HvnPk2p/tw==
  /class-transformer/0.4.0:
    dev: false
    resolution:
      integrity: sha512-ETWD/H2TbWbKEi7m9N4Km5+cw1hNcqJSxlSYhsLsNjQzWWiZIYA1zafxpK9PwVfaZ6AqR5rrjPVUBGESm5tQUA==
  /color-convert/2.0.1:
    dependencies:
      color-name: 1.1.4
    dev: true
    engines:
      node: '>=7.0.0'
    resolution:
      integrity: sha512-RRECPsj7iu/xb5oKYcsFHSppFNnsj/52OVTRKb4zP5onXwVF3zVmmToNcOfGC+CRDpfK/U584fMg38ZHCaElKQ==
  /color-name/1.1.4:
    dev: true
    resolution:
      integrity: sha512-dOy+3AuW3a2wNbZHIuMZpTcgjGuLU/uBL/ubcZF9OXbDo8ff4O8yVp5Bf0efS8uEoYo5q4Fx7dY9OgQGXgAsQA==
  /colorette/1.2.2:
    dev: true
    resolution:
      integrity: sha512-MKGMzyfeuutC/ZJ1cba9NqcNpfeqMUcYmyF1ZFY6/Cn7CNSAKx6a+s48sqLqyAiZuaP2TcqMhoo+dlwFnVxT9w==
  /combined-stream/1.0.8:
    dependencies:
      delayed-stream: 1.0.0
    dev: false
    engines:
      node: '>= 0.8'
    resolution:
      integrity: sha512-FQN4MRfuJeHf7cBbBMJFXhKSDq+2kAArBlmRBvcvFE5BB1HZKXtSFASDhdlz9zOYwxh8lDdnvmMOe/+5cdoEdg==
  /commander/4.1.1:
    dev: true
    engines:
      node: '>= 6'
    resolution:
      integrity: sha512-NOKm8xhkzAjzFx8B2v5OAHT+u5pRQc2UCa2Vq9jYL/31o2wi9mxBA7LIFs3sV5VSC49z6pEhfbMULvShKj26WA==
  /component-emitter/1.3.0:
    dev: false
    resolution:
      integrity: sha512-Rd3se6QB+sO1TwqZjscQrurpEPIfO0/yYnSin6Q/rD3mOutHvUrCAhJub3r90uNb+SESBuE0QYoB90YdfatsRg==
  /concat-map/0.0.1:
    dev: true
    resolution:
      integrity: sha1-2Klr13/Wjfd5OnMDajug1UBdR3s=
  /consolidate/0.16.0:
    dependencies:
      bluebird: 3.7.2
    dev: true
    engines:
      node: '>= 0.10.0'
    resolution:
      integrity: sha512-Nhl1wzCslqXYTJVDyJCu3ODohy9OfBMB5uD2BiBTzd7w+QY0lBzafkR8y8755yMYHAaMD4NuzbAw03/xzfw+eQ==
  /cookiejar/2.1.2:
    dev: false
    resolution:
      integrity: sha512-Mw+adcfzPxcPeI+0WlvRrr/3lGVO0bD75SxX6811cxSh1Wbxx7xZBGK1eVtDf6si8rg2lhnUjsVLMFMfbRIuwA==
  /core-js/3.10.1:
    dev: false
    requiresBuild: true
    resolution:
      integrity: sha512-pwCxEXnj27XG47mu7SXAwhLP3L5CrlvCB91ANUkIz40P27kUcvNfSdvyZJ9CLHiVoKSp+TTChMQMSKQEH/IQxA==
  /core-util-is/1.0.2:
    dev: true
    resolution:
      integrity: sha1-tf1UIgqivFq1eqtxQMlAdUUDwac=
  /cssesc/3.0.0:
    dev: true
    engines:
      node: '>=4'
    hasBin: true
    resolution:
      integrity: sha512-/Tb/JcjK111nNScGob5MNtsntNM1aCNUDipB/TkwZFhyDrrE47SOx/18wF2bbjgc3ZzCSKW1T5nt5EbFoAz/Vg==
  /csstype/2.6.16:
    dev: false
    resolution:
      integrity: sha512-61FBWoDHp/gRtsoDkq/B1nWrCUG/ok1E3tUrcNbZjsE9Cxd9yzUirjS3+nAATB8U4cTtaQmAHbNndoFz5L6C9Q==
  /custom-event-polyfill/1.0.7:
    dev: false
    resolution:
      integrity: sha512-TDDkd5DkaZxZFM8p+1I3yAlvM3rSr1wbrOliG4yJiwinMZN8z/iGL7BTlDkrJcYTmgUSb4ywVCc3ZaUtOtC76w==
  /debug/4.3.1:
    dependencies:
      ms: 2.1.2
    dev: false
    engines:
      node: '>=6.0'
    peerDependencies:
      supports-color: '*'
    peerDependenciesMeta:
      supports-color:
        optional: true
    resolution:
      integrity: sha512-doEwdvm4PCeK4K3RQN2ZC2BYUBaxwLARCqZmMjtF8a51J2Rb0xpVloFRnCODwqjpwnAoao4pelN8l3RJdv3gRQ==
  /debug/4.3.2:
    dependencies:
      ms: 2.1.2
    dev: true
    engines:
      node: '>=6.0'
    peerDependencies:
      supports-color: '*'
    peerDependenciesMeta:
      supports-color:
        optional: true
    resolution:
      integrity: sha512-mOp8wKcvj7XxC78zLgw/ZA+6TSgkoE2C/ienthhRD298T7UNwAg9diBpLRxC0mOezLl4B0xV7M0cCO6P/O0Xhw==
  /deepmerge/4.2.2:
    dev: false
    engines:
      node: '>=0.10.0'
    resolution:
      integrity: sha512-FJ3UgI4gIl+PHZm53knsuSFpE+nESMr7M4v9QcgB7S63Kj/6WqMiFQJpBBYz1Pt+66bZpP3Q7Lye0Oo9MPKEdg==
  /delayed-stream/1.0.0:
    dev: false
    engines:
      node: '>=0.4.0'
    resolution:
      integrity: sha1-3zrhmayt+31ECqrgsp4icrJOxhk=
  /duplexer2/0.1.4:
    dependencies:
      readable-stream: 2.3.7
    dev: true
    resolution:
      integrity: sha1-ixLauHjA1p4+eJEFFmKjL8a93ME=
  /emojis-list/3.0.0:
    dev: true
    engines:
      node: '>= 4'
    resolution:
      integrity: sha512-/kyM18EfinwXZbno9FyUGeFh87KC8HRQBQGildHZbEuRyWFOmv1U10o9BBp8XVZDVNNuQKyIGIu5ZYAAXJ0V2Q==
  /es6-shim/0.35.6:
    dev: false
    resolution:
      integrity: sha512-EmTr31wppcaIAgblChZiuN/l9Y7DPyw8Xtbg7fIVngn6zMW+IEBJDJngeKC3x6wr0V/vcA2wqeFnaw1bFJbDdA==
  /esbuild/0.9.7:
    dev: true
    hasBin: true
    requiresBuild: true
    resolution:
      integrity: sha512-VtUf6aQ89VTmMLKrWHYG50uByMF4JQlVysb8dmg6cOgW8JnFCipmz7p+HNBl+RR3LLCuBxFGVauAe2wfnF9bLg==
  /estree-walker/2.0.2:
    resolution:
      integrity: sha512-Rfkk/Mp/DL7JVje3u18FxFujQlTNR2q6QfMSMB7AvCBx91NGj/ba3kCfza0f6dVDbw7YlRf/nDrn7pQrCCyQ/w==
  /fast-deep-equal/3.1.3:
    dev: true
    resolution:
      integrity: sha512-f3qQ9oQy9j2AhBe/H9VC91wLmKBCCU/gDOnKNAYG5hswO7BLKj09Hc5HYNz9cGI++xlpDCIgDaitVs03ATR84Q==
  /fast-glob/3.2.5:
    dependencies:
      '@nodelib/fs.stat': 2.0.4
      '@nodelib/fs.walk': 1.2.6
      glob-parent: 5.1.2
      merge2: 1.4.1
      micromatch: 4.0.4
      picomatch: 2.2.3
    dev: true
    engines:
      node: '>=8'
    resolution:
      integrity: sha512-2DtFcgT68wiTTiwZ2hNdJfcHNke9XOfnwmBRWXhmeKM8rF0TGwmC/Qto3S7RoZKp5cilZbxzO5iTNTQsJ+EeDg==
  /fast-json-stable-stringify/2.1.0:
    dev: true
    resolution:
      integrity: sha512-lhd/wF+Lk98HZoTCtlVraHtfh5XYijIjalXck7saUtuanSDyLMxnHhSXEDJqHxD7msR8D0uCmqlkwjCV8xvwHw==
  /fast-safe-stringify/2.0.7:
    dev: false
    resolution:
      integrity: sha512-Utm6CdzT+6xsDk2m8S6uL8VHxNwI6Jub+e9NYTcAms28T84pTa25GJQV9j0CY0N1rM8hK4x6grpF2BQf+2qwVA==
  /fastq/1.11.0:
    dependencies:
      reusify: 1.0.4
    dev: true
    resolution:
      integrity: sha512-7Eczs8gIPDrVzT+EksYBcupqMyxSHXXrHOLRRxU2/DicV8789MRBRR8+Hc2uWzUupOs4YS4JzBmBxjjCVBxD/g==
  /fill-range/7.0.1:
    dependencies:
      to-regex-range: 5.0.1
    dev: true
    engines:
      node: '>=8'
    resolution:
      integrity: sha512-qOo9F+dMUmC2Lcb4BbVvnKJxTPjCm+RRpe4gDuGrzkL7mEVl/djYSu2OdQ2Pa302N4oqkSg9ir6jaLWJ2USVpQ==
  /form-data/3.0.1:
    dependencies:
      asynckit: 0.4.0
      combined-stream: 1.0.8
      mime-types: 2.1.30
    dev: false
    engines:
      node: '>= 6'
    resolution:
      integrity: sha512-RHkBKtLWUVwd7SqRIvCZMEvAMoGUp0XU+seQiZejj0COz3RI3hWP4sCv3gZWWLjJTd7rGwcsF5eKZGii0r/hbg==
  /formidable/1.2.2:
    dev: false
    resolution:
      integrity: sha512-V8gLm+41I/8kguQ4/o1D3RIHRmhYFG4pnNyonvua+40rqcEmT4+V71yaZ3B457xbbgCsCfjSPi65u/W6vK1U5Q==
  /fp-ts/2.10.0:
    dev: false
    resolution:
      integrity: sha512-FC2VYweD6QJ5qIKq2wGXRuTtMxIRrXqLlIhRDnxVisbmjEEENHPyf6vrQ9Tdj5Pha1o/SbdYBrfANpvaUxW0dg==
  /fs.realpath/1.0.0:
    dev: true
    resolution:
      integrity: sha1-FQStJSMVjKpA20onh8sBQRmU6k8=
  /fsevents/2.3.2:
    dev: true
    engines:
      node: ^8.16.0 || ^10.6.0 || >=11.0.0
    optional: true
    os:
      - darwin
    resolution:
      integrity: sha512-xiqMQR4xAeHTuB9uWm+fFRcIOgKBMiOBP+eXiyT7jsgVCq1bkVygt00oASowB7EdtpOHaaPgKt812P9ab+DDKA==
  /fstream/1.0.12:
    dependencies:
      graceful-fs: 4.2.6
      inherits: 2.0.4
      mkdirp: 0.5.5
      rimraf: 2.7.1
    dev: true
    engines:
      node: '>=0.6'
    resolution:
      integrity: sha512-WvJ193OHa0GHPEL+AycEJgxvBEwyfRkN1vhjca23OaPVMCaLCXTd5qAu82AjTcgP1UJmytkOKb63Ypde7raDIg==
  /function-bind/1.1.1:
    resolution:
      integrity: sha512-yIovAzMX49sF8Yl58fSCWJ5svSLuaibPxXQJFLmBObTuCr0Mf1KiPopGM9NiFjiYBCbfaa2Fh6breQ6ANVTI0A==
  /generic-names/2.0.1:
    dependencies:
      loader-utils: 1.4.0
    dev: true
    resolution:
      integrity: sha512-kPCHWa1m9wGG/OwQpeweTwM/PYiQLrUIxXbt/P4Nic3LbGjCP0YwrALHW1uNLKZ0LIMg+RF+XRlj2ekT9ZlZAQ==
  /get-intrinsic/1.1.1:
    dependencies:
      function-bind: 1.1.1
      has: 1.0.3
      has-symbols: 1.0.2
    dev: false
    resolution:
      integrity: sha512-kWZrnVM42QCiEA2Ig1bG8zjoIMOgxWwYCEeNdwY6Tv/cOSeGpcoX4pXHfKUxNKVoArnrEr2e9srnAxxGIraS9Q==
  /glob-parent/5.1.2:
    dependencies:
      is-glob: 4.0.1
    dev: true
    engines:
      node: '>= 6'
    resolution:
      integrity: sha512-AOIgSQCepiJYwP3ARnGx+5VnTu2HBYdzbGP45eLw1vr3zB3vZLeyed1sC9hnbcOc9/SrMyM5RPQrkGz4aS9Zow==
  /glob/7.1.6:
    dependencies:
      fs.realpath: 1.0.0
      inflight: 1.0.6
      inherits: 2.0.4
      minimatch: 3.0.4
      once: 1.4.0
      path-is-absolute: 1.0.1
    dev: true
    resolution:
      integrity: sha512-LwaxwyZ72Lk7vZINtNNrywX0ZuLyStrdDtabefZKAY5ZGJhVtgdznluResxNmPitE0SAO+O26sWTHeKSI2wMBA==
  /graceful-fs/4.2.6:
    dev: true
    resolution:
      integrity: sha512-nTnJ528pbqxYanhpDYsi4Rd8MAeaBA67+RZ10CM1m3bTAVFEDcd5AuA4a6W5YkGZ1iNXHzZz8T6TBKLeBuNriQ==
  /has-flag/4.0.0:
    dev: true
    engines:
      node: '>=8'
    resolution:
      integrity: sha512-EykJT/Q1KjTWctppgIAgfSO0tKVuZUjhgMr17kqTumMl6Afv3EISleU7qZUzoXDFTAHTDC4NOoG/ZxU3EvlMPQ==
  /has-symbols/1.0.2:
    dev: false
    engines:
      node: '>= 0.4'
    resolution:
      integrity: sha512-chXa79rL/UC2KlX17jo3vRGz0azaWEx5tGqZg5pO3NUyEJVB17dMruQlzCCOfUvElghKcm5194+BCRvi2Rv/Gw==
  /has/1.0.3:
    dependencies:
      function-bind: 1.1.1
    engines:
      node: '>= 0.4.0'
    resolution:
      integrity: sha512-f2dvO0VU6Oej7RkWJGrehjbzMAjFp5/VKPp5tTpWIV4JHHZK1/BxbFRtf/siA2SWTe09caDmVtYYzWEIbBS4zw==
  /hash-sum/2.0.0:
    dev: true
    resolution:
      integrity: sha512-WdZTbAByD+pHfl/g9QSsBIIwy8IT+EsPiKDs0KNX+zSHhdDLFKdZu0BQHljvO+0QI/BasbMSUa8wYNCZTvhslg==
  /icss-replace-symbols/1.1.0:
    dev: true
    resolution:
      integrity: sha1-Bupvg2ead0njhs/h/oEq5dsiPe0=
  /icss-utils/5.1.0_postcss@8.2.10:
    dependencies:
      postcss: 8.2.10
    dev: true
    engines:
      node: ^10 || ^12 || >= 14
    peerDependencies:
      postcss: ^8.1.0
    resolution:
      integrity: sha512-soFhflCVWLfRNOPU3iv5Z9VUdT44xFRbzjLsEzSr5AQmgqPMTHdU3PMT1Cf1ssx8fLNJDA1juftYl+PUcv3MqA==
  /indexes-of/1.0.1:
    dev: true
    resolution:
      integrity: sha1-8w9xbI4r00bHtn0985FVZqfAVgc=
  /inflight/1.0.6:
    dependencies:
      once: 1.4.0
      wrappy: 1.0.2
    dev: true
    resolution:
      integrity: sha1-Sb1jMdfQLQwJvJEKEHW6gWW1bfk=
  /inherits/2.0.4:
    resolution:
      integrity: sha512-k/vGaX4/Yla3WzyMCvTQOXYeIHvqOKtnqBduzTHpzpQZzAskKMhZ2K+EnBiSM9zGSoIFeMpXKxa4dYeZIQqewQ==
  /interpret/1.4.0:
    dev: true
    engines:
      node: '>= 0.10'
    resolution:
      integrity: sha512-agE4QfB2Lkp9uICn7BAqoscw4SZP9kTE2hxiFI3jBPmXJfdqiahTbUuKGsMoN2GtqL9AxhYioAcVvgsb1HvRbA==
  /is-binary-path/2.1.0:
    dependencies:
      binary-extensions: 2.2.0
    dev: true
    engines:
      node: '>=8'
    resolution:
      integrity: sha512-ZMERYes6pDydyuGidse7OsHxtbI7WVeUEozgR/g7rd0xUimYNlvZRE/K2MgZTjWy725IfelLeVcEM97mmtRGXw==
  /is-core-module/2.2.0:
    dependencies:
      has: 1.0.3
    dev: true
    resolution:
      integrity: sha512-XRAfAdyyY5F5cOXn7hYQDqh2Xmii+DEfIcQGxK/uNwMHhIkPWO0g8msXcbzLe+MpGoR951MlqM/2iIlU4vKDdQ==
  /is-extglob/2.1.1:
    dev: true
    engines:
      node: '>=0.10.0'
    resolution:
      integrity: sha1-qIwCU1eR8C7TfHahueqXc8gz+MI=
  /is-glob/4.0.1:
    dependencies:
      is-extglob: 2.1.1
    dev: true
    engines:
      node: '>=0.10.0'
    resolution:
      integrity: sha512-5G0tKtBTFImOqDnLB2hG6Bp2qcKEFduo4tZu9MT/H6NQv/ghhy30o55ufafxJ/LdH79LLs2Kfrn85TLKyA7BUg==
  /is-number/7.0.0:
    dev: true
    engines:
      node: '>=0.12.0'
    resolution:
      integrity: sha512-41Cifkg6e8TylSpdtTpeLVMqvSBEVzTttHvERD741+pnZ8ANv0004MRL43QKPDlK9cGvNp6NZWZUBlbGXYxxng==
  /isarray/1.0.0:
    dev: true
    resolution:
      integrity: sha1-u5NdSFgsuhaMBoNJV6VKPgcSTxE=
  /json-schema-traverse/0.4.1:
    dev: true
    resolution:
      integrity: sha512-xbbCH5dCYU5T8LcEhhuh7HJ88HXuW3qsI3Y0zOZFKfZEHcpWiHU/Jxzk629Brsab/mMiHQti9wMP+845RPe3Vg==
  /json5/1.0.1:
    dependencies:
      minimist: 1.2.5
    dev: true
    hasBin: true
    resolution:
      integrity: sha512-aKS4WQjPenRxiQsC93MNfjx+nbF4PAdYzmd/1JIj8HYzqfbu86beTuNgXDzPknWk0n0uARlyewZo4s++ES36Ow==
  /json5/2.2.0:
    dependencies:
      minimist: 1.2.5
    dev: true
    engines:
      node: '>=6'
    hasBin: true
    resolution:
      integrity: sha512-f+8cldu7X/y7RAJurMEJmdoKXGB/X550w2Nr3tTbezL6RwEE/iMcm+tZnXeoZtKuOq6ft8+CqzEkrIgx1fPoQA==
  /klona/2.0.4:
    dev: true
    engines:
      node: '>= 8'
    resolution:
      integrity: sha512-ZRbnvdg/NxqzC7L9Uyqzf4psi1OM4Cuc+sJAkQPjO6XkQIJTNbfK2Rsmbw8fx1p2mkZdp2FZYo2+LwXYY/uwIA==
  /ky/0.27.0:
    dev: false
    engines:
      node: '>=12'
    resolution:
      integrity: sha512-pgaBuB6wI9DdMSOZBVh2WkcbkAdEG5AUEWuNhtThu6FLIpDbzqzC/fSMmqr/j1wwQyW3SP3KGau7EbzWNkQ/yg==
  /lines-and-columns/1.1.6:
    dev: true
    resolution:
      integrity: sha1-HADHQ7QzzQpOgHWPe2SldEDZ/wA=
  /listenercount/1.0.1:
    dev: true
    resolution:
      integrity: sha1-hMinKrWcRyUyFIDJdeZQg0LnCTc=
  /loader-utils/1.4.0:
    dependencies:
      big.js: 5.2.2
      emojis-list: 3.0.0
      json5: 1.0.1
    dev: true
    engines:
      node: '>=4.0.0'
    resolution:
      integrity: sha512-qH0WSMBtn/oHuwjy/NucEgbx5dbxxnxup9s4PVXJUDHZBQY+s0NWA9rJf53RBnQZxfch7euUui7hpoAPvALZdA==
  /loader-utils/2.0.0:
    dependencies:
      big.js: 5.2.2
      emojis-list: 3.0.0
      json5: 2.2.0
    dev: true
    engines:
      node: '>=8.9.0'
    resolution:
      integrity: sha512-rP4F0h2RaWSvPEkD7BLDFQnvSf+nK+wr3ESUjNTyAGobqrijmW92zc+SO6d4p4B1wh7+B/Jg1mkQe5NYUEHtHQ==
  /loadjs/4.2.0:
    dev: false
    resolution:
      integrity: sha512-AgQGZisAlTPbTEzrHPb6q+NYBMD+DP9uvGSIjSUM5uG+0jG15cb8axWpxuOIqrmQjn6scaaH8JwloiP27b2KXA==
  /lodash.camelcase/4.3.0:
    dev: true
    resolution:
      integrity: sha1-soqmKIorn8ZRA1x3EfZathkDMaY=
  /lodash/4.17.21:
    resolution:
      integrity: sha512-v2kDEe57lecTulaDIuNTPy3Ry4gLGJ6Z1O3vE1krgXZNrsQ+LFTGHVxVjcXPs17LhbZVGedAJv8XZ1tvj5FvSg==
  /lru-cache/5.1.1:
    dependencies:
      yallist: 3.1.1
    dev: true
    resolution:
      integrity: sha512-KpNARQA3Iwv+jTA0utUVVbrh+Jlrr1Fv0e56GGzAFOXN7dk/FviaDW8LHmK52DlcH4WP2n6gI8vN1aesBFgo9w==
  /lru-cache/6.0.0:
    dependencies:
      yallist: 4.0.0
    engines:
      node: '>=10'
    resolution:
      integrity: sha512-Jo6dJ04CmSjuznwJSS3pUeWmd/H0ffTlkXXgwZi+eq1UCmqQwCh+eLsYOYCwY991i2Fah4h1BEMCx4qThGbsiA==
  /magic-string/0.25.7:
    dependencies:
      sourcemap-codec: 1.4.8
    dev: true
    resolution:
      integrity: sha512-4CrMT5DOHTDk4HYDlzmwu4FVCcIYI8gauveasrdCu2IKIFOJ3f0v/8MDGJCDL9oD2ppz/Av1b0Nj345H9M+XIA==
  /merge-source-map/1.1.0:
    dependencies:
      source-map: 0.6.1
    dev: true
    resolution:
      integrity: sha512-Qkcp7P2ygktpMPh2mCQZaf3jhN6D3Z/qVZHSdWvQ+2Ef5HgRAPBO57A77+ENm0CPx2+1Ce/MYKi3ymqdfuqibw==
  /merge2/1.4.1:
    dev: true
    engines:
      node: '>= 8'
    resolution:
      integrity: sha512-8q7VEgMJW4J8tcfVPy8g09NcQwZdbwFEqhe/WZkoIzjn/3TGDwtOCYtXGxA3O8tPzpczCCDgv+P2P5y00ZJOOg==
  /methods/1.1.2:
    dev: false
    engines:
      node: '>= 0.6'
    resolution:
      integrity: sha1-VSmk1nZUE07cxSZmVoNbD4Ua/O4=
  /micromatch/4.0.4:
    dependencies:
      braces: 3.0.2
      picomatch: 2.2.3
    dev: true
    engines:
      node: '>=8.6'
    resolution:
      integrity: sha512-pRmzw/XUcwXGpD9aI9q/0XOwLNygjETJ8y0ao0wdqprrzDa4YnxLcz7fQRZr8voh8V10kGhABbNcHVk5wHgWwg==
  /mime-db/1.47.0:
    dev: false
    engines:
      node: '>= 0.6'
    resolution:
      integrity: sha512-QBmA/G2y+IfeS4oktet3qRZ+P5kPhCKRXxXnQEudYqUaEioAU1/Lq2us3D/t1Jfo4hE9REQPrbB7K5sOczJVIw==
  /mime-types/2.1.30:
    dependencies:
      mime-db: 1.47.0
    dev: false
    engines:
      node: '>= 0.6'
    resolution:
      integrity: sha512-crmjA4bLtR8m9qLpHvgxSChT+XoSlZi8J4n/aIdn3z92e/U47Z0V/yl+Wh9W046GgFVAmoNR/fmdbZYcSSIUeg==
  /mime/2.5.2:
    dev: false
    engines:
      node: '>=4.0.0'
    hasBin: true
    resolution:
      integrity: sha512-tqkh47FzKeCPD2PUiPB6pkbMzsCasjxAfC62/Wap5qrUWcb+sFasXUC5I3gYM5iBM8v/Qpn4UK0x+j0iHyFPDg==
  /minimatch/3.0.4:
    dependencies:
      brace-expansion: 1.1.11
    dev: true
    resolution:
      integrity: sha512-yJHVQEhyqPLUTgt9B83PXu6W3rx4MvvHvSUvToogpwoGDOUQ+yDrR0HRot+yOCdCO7u4hX3pWft6kWBBcqh0UA==
  /minimist/1.2.5:
    dev: true
    resolution:
      integrity: sha512-FM9nNUYrRBAELZQT3xeZQ7fmMOBg6nWNmJKTcgsJeaLstP/UODVpGsr5OhXhhXg6f+qtJ8uiZ+PUxkDWcgIXLw==
  /mkdirp/0.5.5:
    dependencies:
      minimist: 1.2.5
    dev: true
    hasBin: true
    resolution:
      integrity: sha512-NKmAlESf6jMGym1++R0Ra7wvhV+wFW63FaSOFPwRahvea0gMUcGUhVeAg/0BC0wiv9ih5NYPB1Wn1UEI1/L+xQ==
  /ms/2.1.2:
    resolution:
      integrity: sha512-sGkPx+VjMtmA6MX27oA4FBFELFCZZ4S4XqeGOXCv68tT+jb3vk/RyaKWP0PTKyWtmLSM0b+adUTEvbs1PEaH2w==
  /mz/2.7.0:
    dependencies:
      any-promise: 1.3.0
      object-assign: 4.1.1
      thenify-all: 1.6.0
    dev: true
    resolution:
      integrity: sha512-z81GNO7nnYMEhrGh9LeymoE4+Yr0Wn5McHIZMK5cfQCl+NDX08sCZgUc9/6MHni9IWuFLm1Z3HTCXu2z9fN62Q==
  /nanoid/3.1.22:
    dev: true
    engines:
      node: ^10 || ^12 || ^13.7 || ^14 || >=15.0.1
    hasBin: true
    resolution:
      integrity: sha512-/2ZUaJX2ANuLtTvqTlgqBQNJoQO398KyJgZloL0PZkC0dpysjncRUPsFe3DUPzz/y3h+u7C46np8RMuvF3jsSQ==
  /neo-async/2.6.2:
    dev: true
    resolution:
      integrity: sha512-Yd3UES5mWCSqR+qNT93S3UoYUkqAZ9lLg8a7g9rimsWmYGK8cVToA4/sF3RrshdyV3sAGMXVUmpMYOw+dLpOuw==
  /node-modules-regexp/1.0.0:
    dev: true
    engines:
      node: '>=0.10.0'
    resolution:
      integrity: sha1-jZ2+KJZKSsVxLpExZCEHxx6Q7EA=
  /normalize-path/3.0.0:
    dev: true
    engines:
      node: '>=0.10.0'
    resolution:
      integrity: sha512-6eZs5Ls3WtCisHWp9S2GUy8dqkpGi4BVSz3GaqiE6ezub0512ESztXUwUB6C6IKbQkY2Pnb/mD4WYojCRwcwLA==
  /null-loader/3.0.0:
    dependencies:
      loader-utils: 1.4.0
      schema-utils: 1.0.0
    dev: true
    engines:
      node: '>= 8.9.0'
    peerDependencies:
      webpack: ^4.3.0
    resolution:
      integrity: sha512-hf5sNLl8xdRho4UPBOOeoIwT3WhjYcMUQm0zj44EhD6UscMAz72o2udpoDFBgykucdEDGIcd6SXbc/G6zssbzw==
  /object-assign/4.1.1:
    dev: true
    engines:
      node: '>=0.10.0'
    resolution:
      integrity: sha1-IQmtx5ZYh8/AXLvUQsrIv7s2CGM=
  /object-inspect/1.9.0:
    dev: false
    resolution:
      integrity: sha512-i3Bp9iTqwhaLZBxGkRfo5ZbE07BQRT7MGu8+nNgwW9ItGp1TzCTw2DLEoWwjClxBjOFI/hWljTAmYGCEwmtnOw==
  /once/1.4.0:
    dependencies:
      wrappy: 1.0.2
    dev: true
    resolution:
      integrity: sha1-WDsap3WWHUsROsF9nFC6753Xa9E=
  /parse-unit/1.0.1:
    dev: true
    resolution:
      integrity: sha1-fhu21b7zh0wo45JSaiVBFwKR7s8=
  /path-is-absolute/1.0.1:
    dev: true
    engines:
      node: '>=0.10.0'
    resolution:
      integrity: sha1-F0uSaHNVNP+8es5r9TpanhtcX18=
  /path-parse/1.0.6:
    dev: true
    resolution:
      integrity: sha512-GSmOT2EbHrINBf9SR7CDELwlJ8AENk3Qn7OikK4nFYAu3Ote2+JYNVvkpAEQm3/TLNEJFD/xZJjzyxg3KBWOzw==
  /picomatch/2.2.3:
    dev: true
    engines:
      node: '>=8.6'
    resolution:
      integrity: sha512-KpELjfwcCDUb9PeigTs2mBJzXUPzAuP2oPcA989He8Rte0+YUAjw1JVedDhuTKPkHjSYzMN3npC9luThGYEKdg==
  /pirates/4.0.1:
    dependencies:
      node-modules-regexp: 1.0.0
    dev: true
    engines:
      node: '>= 6'
    resolution:
      integrity: sha512-WuNqLTbMI3tmfef2TKxlQmAiLHKtFhlsCZnPIpuv2Ow0RDVO8lfy1Opf4NUzlMXLjPl+Men7AuVdX6TA+s+uGA==
  /plyr/3.6.4:
    dependencies:
      core-js: 3.10.1
      custom-event-polyfill: 1.0.7
      loadjs: 4.2.0
      rangetouch: 2.0.1
      url-polyfill: 1.1.12
    dev: false
    resolution:
      integrity: sha512-l0EKsRxhwGtzpPJhs+okusogXRiJaagNaGYlj+iiyqyNzjh0ef5bhxNLsKhpsGvvZMnfV/KbOvIva+qeNCA9ng==
  /postcss-modules-extract-imports/3.0.0_postcss@8.2.10:
    dependencies:
      postcss: 8.2.10
    dev: true
    engines:
      node: ^10 || ^12 || >= 14
    peerDependencies:
      postcss: ^8.1.0
    resolution:
      integrity: sha512-bdHleFnP3kZ4NYDhuGlVK+CMrQ/pqUm8bx/oGL93K6gVwiclvX5x0n76fYMKuIGKzlABOy13zsvqjb0f92TEXw==
  /postcss-modules-local-by-default/4.0.0_postcss@8.2.10:
    dependencies:
      icss-utils: 5.1.0_postcss@8.2.10
      postcss: 8.2.10
      postcss-selector-parser: 6.0.4
      postcss-value-parser: 4.1.0
    dev: true
    engines:
      node: ^10 || ^12 || >= 14
    peerDependencies:
      postcss: ^8.1.0
    resolution:
      integrity: sha512-sT7ihtmGSF9yhm6ggikHdV0hlziDTX7oFoXtuVWeDd3hHObNkcHRo9V3yg7vCAY7cONyxJC/XXCmmiHHcvX7bQ==
  /postcss-modules-scope/3.0.0_postcss@8.2.10:
    dependencies:
      postcss: 8.2.10
      postcss-selector-parser: 6.0.4
    dev: true
    engines:
      node: ^10 || ^12 || >= 14
    peerDependencies:
      postcss: ^8.1.0
    resolution:
      integrity: sha512-hncihwFA2yPath8oZ15PZqvWGkWf+XUfQgUGamS4LqoP1anQLOsOJw0vr7J7IwLpoY9fatA2qiGUGmuZL0Iqlg==
  /postcss-modules-values/4.0.0_postcss@8.2.10:
    dependencies:
      icss-utils: 5.1.0_postcss@8.2.10
      postcss: 8.2.10
    dev: true
    engines:
      node: ^10 || ^12 || >= 14
    peerDependencies:
      postcss: ^8.1.0
    resolution:
      integrity: sha512-RDxHkAiEGI78gS2ofyvCsu7iycRv7oqw5xMWn9iMoR0N/7mf9D50ecQqUo5BZ9Zh2vH4bCUR/ktCqbB9m8vJjQ==
  /postcss-modules/4.0.0_postcss@8.2.10:
    dependencies:
      generic-names: 2.0.1
      icss-replace-symbols: 1.1.0
      lodash.camelcase: 4.3.0
      postcss: 8.2.10
      postcss-modules-extract-imports: 3.0.0_postcss@8.2.10
      postcss-modules-local-by-default: 4.0.0_postcss@8.2.10
      postcss-modules-scope: 3.0.0_postcss@8.2.10
      postcss-modules-values: 4.0.0_postcss@8.2.10
      string-hash: 1.1.3
    dev: true
    peerDependencies:
      postcss: ^8.0.0
    resolution:
      integrity: sha512-ghS/ovDzDqARm4Zj6L2ntadjyQMoyJmi0JkLlYtH2QFLrvNlxH5OAVRPWPeKilB0pY7SbuhO173KOWkPAxRJcw==
  /postcss-selector-parser/6.0.4:
    dependencies:
      cssesc: 3.0.0
      indexes-of: 1.0.1
      uniq: 1.0.1
      util-deprecate: 1.0.2
    dev: true
    engines:
      node: '>=4'
    resolution:
      integrity: sha512-gjMeXBempyInaBqpp8gODmwZ52WaYsVOsfr4L4lDQ7n3ncD6mEyySiDtgzCT+NYC0mmeOLvtsF8iaEf0YT6dBw==
  /postcss-value-parser/4.1.0:
    dev: true
    resolution:
      integrity: sha512-97DXOFbQJhk71ne5/Mt6cOu6yxsSfM0QGQyl0L25Gca4yGWEGJaig7l7gbCX623VqTBNGLRLaVUCnNkcedlRSQ==
  /postcss/8.2.10:
    dependencies:
      colorette: 1.2.2
      nanoid: 3.1.22
      source-map: 0.6.1
    dev: true
    engines:
      node: ^10 || ^12 || >=14
    resolution:
      integrity: sha512-b/h7CPV7QEdrqIxtAf2j31U5ef05uBDuvoXv6L51Q4rcS1jdlXAVKJv+atCFdUXYl9dyTHGyoMzIepwowRJjFw==
  /process-nextick-args/2.0.1:
    dev: true
    resolution:
      integrity: sha512-3ouUOpQhtgrbOa17J7+uxOTpITYWaGP7/AhoR3+A+/1e9skrzelGi/dXzEYyvbxubEF6Wn2ypscTKiKJFFn1ag==
  /punycode/2.1.1:
    dev: true
    engines:
      node: '>=6'
    resolution:
      integrity: sha512-XRsRjdf+j5ml+y/6GKHPZbrF/8p2Yga0JPtdqTIY2Xe5ohJPD9saDJJLPvp9+NSBprVvevdXZybnj2cv8OEd0A==
  /qs/6.10.1:
    dependencies:
      side-channel: 1.0.4
    dev: false
    engines:
      node: '>=0.6'
    resolution:
      integrity: sha512-M528Hph6wsSVOBiYUnGf+K/7w0hNshs/duGsNXPUCLH5XAqjEtiPGwNONLV0tBH8NoGb0mvD5JubnUTrujKDTg==
  /queue-microtask/1.2.3:
    dev: true
    resolution:
      integrity: sha512-NuaNSa6flKT5JaSYQzJok04JzTL1CA6aGhv5rfLW3PgqA+M2ChpZQnAC8h8i4ZFkBS8X5RqkDBHA7r4hej3K9A==
  /rangetouch/2.0.1:
    dev: false
    resolution:
      integrity: sha512-sln+pNSc8NGaHoLzwNBssFSf/rSYkqeBXzX1AtJlkJiUaVSJSbRAWJk+4omsXkN+EJalzkZhWQ3th1m0FpR5xA==
  /readable-stream/2.3.7:
    dependencies:
      core-util-is: 1.0.2
      inherits: 2.0.4
      isarray: 1.0.0
      process-nextick-args: 2.0.1
      safe-buffer: 5.1.2
      string_decoder: 1.1.1
      util-deprecate: 1.0.2
    dev: true
    resolution:
      integrity: sha512-Ebho8K4jIbHAxnuxi7o42OrZgF/ZTNcsZj6nRKyUmkhLFq8CHItp/fy6hQZuZmP/n3yZ9VBUbp4zz/mX8hmYPw==
  /readable-stream/3.6.0:
    dependencies:
      inherits: 2.0.4
      string_decoder: 1.3.0
      util-deprecate: 1.0.2
    dev: false
    engines:
      node: '>= 6'
    resolution:
      integrity: sha512-BViHy7LKeTz4oNnkcLJ+lVSL6vpiFeX6/d3oSH8zCW7UxP2onchk+vTGB143xuFjHS3deTgkKoXXymXqymiIdA==
  /readdirp/3.5.0:
    dependencies:
      picomatch: 2.2.3
    dev: true
    engines:
      node: '>=8.10.0'
    resolution:
      integrity: sha512-cMhu7c/8rdhkHXWsY+osBhfSy0JikwpHK/5+imo+LpeasTF8ouErHrlYkwT0++njiyuDvc7OFY5T3ukvZ8qmFQ==
  /rechoir/0.6.2:
    dependencies:
      resolve: 1.20.0
    dev: true
    engines:
      node: '>= 0.10'
    resolution:
      integrity: sha1-hSBLVNuoLVdC4oyWdW70OvUOM4Q=
  /reflect-metadata/0.1.13:
    dev: false
    resolution:
      integrity: sha512-Ts1Y/anZELhSsjMcU605fU9RE4Oi3p5ORujwbIKXfWa+0Zxs510Qrmrce5/Jowq3cHSZSJqBjypxmHarc+vEWg==
  /resolve/1.20.0:
    dependencies:
      is-core-module: 2.2.0
      path-parse: 1.0.6
    dev: true
    resolution:
      integrity: sha512-wENBPt4ySzg4ybFQW2TT1zMQucPK95HSh/nq2CFTZVOGut2+pQvSsgtda4d26YrYcr067wjbmzOG8byDPBX63A==
  /reusify/1.0.4:
    dev: true
    engines:
      iojs: '>=1.0.0'
      node: '>=0.10.0'
    resolution:
      integrity: sha512-U9nH88a3fc/ekCF1l0/UP1IosiuIjyTh7hBvXVMHYgVcfGvt897Xguj2UOLDeI5BG2m7/uwyaLVT6fbtCwTyzw==
  /rimraf/2.7.1:
    dependencies:
      glob: 7.1.6
    dev: true
    hasBin: true
    resolution:
      integrity: sha512-uWjbaKIK3T1OSVptzX7Nl6PvQ3qAGtKEtVRjRuazjfL3Bx5eI409VZSqgND+4UNnmzLVdPj9FqFJNPqBZFve4w==
  /rollup/2.45.2:
    dev: true
    engines:
      node: '>=10.0.0'
    hasBin: true
    optionalDependencies:
      fsevents: 2.3.2
    resolution:
      integrity: sha512-kRRU7wXzFHUzBIv0GfoFFIN3m9oteY4uAsKllIpQDId5cfnkWF2J130l+27dzDju0E6MScKiV0ZM5Bw8m4blYQ==
  /run-parallel/1.2.0:
    dependencies:
      queue-microtask: 1.2.3
    dev: true
    resolution:
      integrity: sha512-5l4VyZR86LZ/lDxZTR6jqL8AFE2S0IFLMP26AbjsLVADxHdhB/c0GUsH+y39UfCi3dzz8OlQuPmnaJOMoDHQBA==
  /safe-buffer/5.1.2:
    dev: true
    resolution:
      integrity: sha512-Gd2UZBJDkXlY7GbJxfsE8/nvKkUEU1G38c1siN6QP6a9PT9MmHB8GnpscSmMJSoF8LOIrt8ud/wPtojys4G6+g==
  /safe-buffer/5.2.1:
    dev: false
    resolution:
      integrity: sha512-rp3So07KcdmmKbGvgaNxQSJr7bGVSVk5S9Eq1F+ppbRo70+YeaDxkw5Dd8NPN+GD6bjnYm2VuPuCXmpuYvmCXQ==
  /sass-loader/10.1.1_sass@1.32.8:
    dependencies:
      klona: 2.0.4
      loader-utils: 2.0.0
      neo-async: 2.6.2
      sass: 1.32.8
      schema-utils: 3.0.0
      semver: 7.3.5
    dev: true
    engines:
      node: '>= 10.13.0'
    peerDependencies:
      fibers: '>= 3.1.0'
      node-sass: ^4.0.0 || ^5.0.0
      sass: ^1.3.0
      webpack: ^4.36.0 || ^5.0.0
    peerDependenciesMeta:
      fibers:
        optional: true
      node-sass:
        optional: true
      sass:
        optional: true
    resolution:
      integrity: sha512-W6gVDXAd5hR/WHsPicvZdjAWHBcEJ44UahgxcIE196fW2ong0ZHMPO1kZuI5q0VlvMQZh32gpv69PLWQm70qrw==
  /sass/1.32.8:
    dependencies:
      chokidar: 3.5.1
    dev: true
    engines:
      node: '>=8.9.0'
    hasBin: true
    resolution:
      integrity: sha512-Sl6mIeGpzjIUZqvKnKETfMf0iDAswD9TNlv13A7aAF3XZlRPMq4VvJWBC2N2DXbp94MQVdNSFG6LfF/iOXrPHQ==
  /schema-utils/1.0.0:
    dependencies:
      ajv: 6.12.6
      ajv-errors: 1.0.1_ajv@6.12.6
      ajv-keywords: 3.5.2_ajv@6.12.6
    dev: true
    engines:
      node: '>= 4'
    resolution:
      integrity: sha512-i27Mic4KovM/lnGsy8whRCHhc7VicJajAjTrYg11K9zfZXnYIt4k5F+kZkwjnrhKzLic/HLU4j11mjsz2G/75g==
  /schema-utils/3.0.0:
    dependencies:
      '@types/json-schema': 7.0.7
      ajv: 6.12.6
      ajv-keywords: 3.5.2_ajv@6.12.6
    dev: true
    engines:
      node: '>= 10.13.0'
    resolution:
      integrity: sha512-6D82/xSzO094ajanoOSbe4YvXWMfn2A//8Y1+MUqFAJul5Bs+yn36xbK9OtNDcRVSBJ9jjeoXftM6CfztsjOAA==
  /semver/7.3.5:
    dependencies:
      lru-cache: 6.0.0
    engines:
      node: '>=10'
    hasBin: true
    resolution:
      integrity: sha512-PoeGJYh8HK4BTO/a9Tf6ZG3veo/A7ZVsYrSA6J8ny9nb3B1VrpkuN+z9OE5wfE5p6H4LchYZsegiQgbJD94ZFQ==
  /setimmediate/1.0.5:
    dev: true
    resolution:
      integrity: sha1-KQy7Iy4waULX1+qbg3Mqt4VvgoU=
  /shelljs/0.8.4:
    dependencies:
      glob: 7.1.6
      interpret: 1.4.0
      rechoir: 0.6.2
    dev: true
    engines:
      node: '>=4'
    hasBin: true
    resolution:
      integrity: sha512-7gk3UZ9kOfPLIAbslLzyWeGiEqx9e3rxwZM0KE6EL8GlGwjym9Mrlx5/p33bWTu9YG6vcS4MBxYZDHYr5lr8BQ==
  /shvl/2.0.3:
    dev: false
    resolution:
      integrity: sha512-V7C6S9Hlol6SzOJPnQ7qzOVEWUQImt3BNmmzh40wObhla3XOYMe4gGiYzLrJd5TFa+cI2f9LKIRJTTKZSTbWgw==
  /side-channel/1.0.4:
    dependencies:
      call-bind: 1.0.2
      get-intrinsic: 1.1.1
      object-inspect: 1.9.0
    dev: false
    resolution:
      integrity: sha512-q5XPytqFEIKHkGdiMIrY10mvLRvnQh42/+GoBlFW3b2LXLE2xxJpZFdm94we0BaoV3RwJyGqg5wS7epxTv0Zvw==
  /source-map/0.6.1:
    engines:
      node: '>=0.10.0'
    resolution:
      integrity: sha512-UjgapumWlbMhkBgzT7Ykc5YXUT46F0iKu8SGXq0bcwP5dz/h0Plj6enJqjz1Zbq2l5WaqYnrVbwWOWMyF3F47g==
  /sourcemap-codec/1.4.8:
    dev: true
    resolution:
      integrity: sha512-9NykojV5Uih4lgo5So5dtw+f0JgJX30KCNI8gwhz2J9A15wD0Ml6tjHKwf6fTSa6fAdVBdZeNOs9eJ71qCk8vA==
  /string-hash/1.1.3:
    dev: true
    resolution:
      integrity: sha1-6Kr8CsGFW0Zmkp7X3RJ1311sgRs=
  /string_decoder/1.1.1:
    dependencies:
      safe-buffer: 5.1.2
    dev: true
    resolution:
      integrity: sha512-n/ShnvDi6FHbbVfviro+WojiFzv+s8MPMHBczVePfUpDJLwoLT0ht1l4YwBCbi8pJAveEEdnkHyPyTP/mzRfwg==
  /string_decoder/1.3.0:
    dependencies:
      safe-buffer: 5.2.1
    dev: false
    resolution:
      integrity: sha512-hkRX8U1WjJFd8LsDJ2yQ/wWWxaopEsABU1XfkM8A+j0+85JAGppt16cr1Whg6KIbb4okU6Mql6BOj+uup/wKeA==
  /sucrase/3.18.1:
    dependencies:
      commander: 4.1.1
      glob: 7.1.6
      lines-and-columns: 1.1.6
      mz: 2.7.0
      pirates: 4.0.1
      ts-interface-checker: 0.1.13
    dev: true
    engines:
      node: '>=8'
    hasBin: true
    resolution:
      integrity: sha512-TRyO38wwOPhLLlM8QLOG3TgMj0FKk+arlTrS9pRAanF8cAcHvgRPKIYWGO25mPSp/Rj87zMMTjFfkqIZGI6ZdA==
  /superagent/6.1.0:
    dependencies:
      component-emitter: 1.3.0
      cookiejar: 2.1.2
      debug: 4.3.1
      fast-safe-stringify: 2.0.7
      form-data: 3.0.1
      formidable: 1.2.2
      methods: 1.1.2
      mime: 2.5.2
      qs: 6.10.1
      readable-stream: 3.6.0
      semver: 7.3.5
    dev: false
    engines:
      node: '>= 7.0.0'
    resolution:
      integrity: sha512-OUDHEssirmplo3F+1HWKUrUjvnQuA+nZI6i/JJBdXb5eq9IyEQwPyPpqND+SSsxf6TygpBEkUjISVRN4/VOpeg==
  /supports-color/7.2.0:
    dependencies:
      has-flag: 4.0.0
    dev: true
    engines:
      node: '>=8'
    resolution:
      integrity: sha512-qpCAvRl9stuOHveKsn7HncJRvv501qIacKzQlO/+Lwxc9+0q2wLyv4Dfvt80/DPn2pqOBsJdDiogXGR9+OvwRw==
  /tailwindcss-font-inter/2.0.3:
    dependencies:
      parse-unit: 1.0.1
    dev: true
    peerDependencies:
      tailwindcss: ^1.9.0 || ^2.0.0
    resolution:
      integrity: sha512-WfFelNJpaWAtOgUsOaynI4rWfzR+fKf+MWxdmurFir3vJmDUMuc4dWjTii4WL1RzU6hHe1/vAlcv+yIT4W0C4g==
  /thenify-all/1.6.0:
    dependencies:
      thenify: 3.3.1
    dev: true
    engines:
      node: '>=0.8'
    resolution:
      integrity: sha1-GhkY1ALY/D+Y+/I02wvMjMEOlyY=
  /thenify/3.3.1:
    dependencies:
      any-promise: 1.3.0
    dev: true
    resolution:
      integrity: sha512-RVZSIV5IG10Hk3enotrhvz0T9em6cyHBLkH/YAZuKqd8hRkKhSfCGIcP2KUY0EPxndzANBmNllzWPwak+bheSw==
  /to-fast-properties/2.0.0:
    engines:
      node: '>=4'
    resolution:
      integrity: sha1-3F5pjL0HkmW8c+A3doGk5Og/YW4=
  /to-regex-range/5.0.1:
    dependencies:
      is-number: 7.0.0
    dev: true
    engines:
      node: '>=8.0'
    resolution:
      integrity: sha512-65P7iz6X5yEr1cwcgvQxbbIw7Uk3gOy5dIdtZ4rDveLqhrdJP+Li/Hx6tyK0NEb+2GCyneCMJiGqrADCSNk8sQ==
  /traverse/0.3.9:
    dev: true
    resolution:
      integrity: sha1-cXuPIgzAu3tE5AUUwisui7xw2Lk=
  /ts-interface-checker/0.1.13:
    dev: true
    resolution:
      integrity: sha512-Y/arvbn+rrz3JCKl9C4kVNfTfSm2/mEp5FSz5EsZSANGPSlQrpRI5M4PKF+mJnE52jOO90PnPSc3Ur3bTQw0gA==
  /typescript/4.2.4:
    dev: true
    engines:
      node: '>=4.2.0'
    hasBin: true
    resolution:
      integrity: sha512-V+evlYHZnQkaz8TRBuxTA92yZBPotr5H+WhQ7bD3hZUndx5tGOa1fuCgeSjxAzM1RiN5IzvadIXTVefuuwZCRg==
  /uniq/1.0.1:
    dev: true
    resolution:
      integrity: sha1-sxxa6CVIRKOoKBVBzisEuGWnNP8=
  /unzipper/0.10.11:
    dependencies:
      big-integer: 1.6.48
      binary: 0.3.0
      bluebird: 3.4.7
      buffer-indexof-polyfill: 1.0.2
      duplexer2: 0.1.4
      fstream: 1.0.12
      graceful-fs: 4.2.6
      listenercount: 1.0.1
      readable-stream: 2.3.7
      setimmediate: 1.0.5
    dev: true
    resolution:
      integrity: sha512-+BrAq2oFqWod5IESRjL3S8baohbevGcVA+teAIOYWM3pDVdseogqbzhhvvmiyQrUNKFUnDMtELW3X8ykbyDCJw==
  /uri-js/4.4.1:
    dependencies:
      punycode: 2.1.1
    dev: true
    resolution:
      integrity: sha512-7rKUyy33Q1yc98pQ1DAmLtwX109F7TIfWlW1Ydo8Wl1ii1SeHieeh0HHfPeL2fMXK6z0s8ecKs9frCuLJvndBg==
  /url-polyfill/1.1.12:
    dev: false
    resolution:
      integrity: sha512-mYFmBHCapZjtcNHW0MDq9967t+z4Dmg5CJ0KqysK3+ZbyoNOWQHksGCTWwDhxGXllkWlOc10Xfko6v4a3ucM6A==
  /util-deprecate/1.0.2:
    resolution:
      integrity: sha1-RQ1Nyfpw3nMnYvvS1KKJgUGaDM8=
  /vite-plugin-windicss/0.10.4_vite@2.1.5:
    dependencies:
      '@windicss/plugin-utils': 0.10.4
      chalk: 4.1.0
      debug: 4.3.2
      vite: 2.1.5
      windicss: 2.5.14
    dev: true
    peerDependencies:
      vite: ^2.0.1
    resolution:
      integrity: sha512-P7alH2dGGw3OTgjs9yZG2w0i+o1HKD8PChwhm2ftP+lLCe1xDL3LReheuRil9p2xPYzrVouER2YTbIdLUEThrQ==
  /vite/2.1.5:
    dependencies:
      esbuild: 0.9.7
      postcss: 8.2.10
      resolve: 1.20.0
      rollup: 2.45.2
    dev: true
    engines:
      node: '>=12.0.0'
    hasBin: true
    optionalDependencies:
      fsevents: 2.3.2
    resolution:
      integrity: sha512-tYU5iaYeUgQYvK/CNNz3tiJ8vYqPWfCE9IQ7K0iuzYovWw7lzty7KRYGWwV3CQPh0NKxWjOczAqiJsCL0Xb+Og==
  /vue-cli-plugin-vuetify/2.3.1_sass-loader@10.1.1:
    dependencies:
      null-loader: 3.0.0
      sass-loader: 10.1.1_sass@1.32.8
      semver: 7.3.5
      shelljs: 0.8.4
    dev: true
    peerDependencies:
      sass-loader: '*'
      vuetify-loader: '*'
    peerDependenciesMeta:
      sass-loader:
        optional: true
      vuetify-loader:
        optional: true
    resolution:
      integrity: sha512-96NLmCE12FalyWSxbfFerbOKSwuPq5b4zYRei5BRLbdCBq+YgmCMv8zgZl8Rx/kR/91T4i8XZDCNgfQ78mpQ3A==
  /vue-demi/0.7.4_vue@3.0.11:
    dependencies:
      vue: 3.0.11
    dev: false
    hasBin: true
    peerDependencies:
      '@vue/composition-api': ^1.0.0-beta.1
      vue: ^2.6.0 || >=3.0.0-rc.1
    peerDependenciesMeta:
      '@vue/composition-api':
        optional: true
    requiresBuild: true
    resolution:
      integrity: sha512-PT0qzI9Rp8R8eUAsTPXADC+KAZdrMufmbZqEMMqvaiesWyjCpgyuuvS5Su8cvBjK9RevLT/YfFiKWxc8YB9/8g==
  /vue-lazy-loading/1.0.3:
    dev: false
    resolution:
      integrity: sha512-coCxCT/jaPecRbTHz/VfpvOAyPJnh9fT4Ly2XNKdbD+go/0gybPZkplvFx5oP/gQdQ0QdS1auJaV7Hh1F8aYOg==
  /vue-router/4.0.6_vue@3.0.11:
    dependencies:
      vue: 3.0.11
    dev: false
    peerDependencies:
      vue: ^3.0.0
    resolution:
      integrity: sha512-Y04llmK2PyaESj+N33VxLjGCUDuv9t4q2OpItEGU7POZiuQZaugV6cJpE6Qm1sVFtxufodLKN2y2dQl9nk0Reg==
  /vue-tsc/0.0.8:
    dependencies:
      unzipper: 0.10.11
    dev: true
    hasBin: true
    resolution:
      integrity: sha512-LY3SqDGAvB+x2iLqxZSGCw5tdR0tFQ7QhJ/J0+HQ7FZ5pED9tr4wxBMNeUPliLgIDbi5yFLM86Q+I93DYA0Y6g==
  /vue/3.0.11:
    dependencies:
      '@vue/compiler-dom': 3.0.11
      '@vue/runtime-dom': 3.0.11
      '@vue/shared': 3.0.11
    dev: false
    resolution:
      integrity: sha512-3/eUi4InQz8MPzruHYSTQPxtM3LdZ1/S/BvaU021zBnZi0laRUyH6pfuE4wtUeLvI8wmUNwj5wrZFvbHUXL9dw==
  /vuex-persistedstate/4.0.0-beta.3_vuex@4.0.0:
    dependencies:
      deepmerge: 4.2.2
      shvl: 2.0.3
      vuex: 4.0.0_vue@3.0.11
    dev: false
    peerDependencies:
      vuex: ^3.0 || ^4.0.0-rc
    resolution:
      integrity: sha512-T4IRD27qoUWh+8qr6T6zVp15xO7x/nPgnU13OD0C2uUwA7U9PhGozrj6lvVmMYDyRgc36J0msMXn3GvwHjkIhA==
  /vuex/4.0.0_vue@3.0.11:
    dependencies:
      vue: 3.0.11
    dev: false
    peerDependencies:
      vue: ^3.0.2
    resolution:
      integrity: sha512-56VPujlHscP5q/e7Jlpqc40sja4vOhC4uJD1llBCWolVI8ND4+VzisDVkUMl+z5y0MpIImW6HjhNc+ZvuizgOw==
  /windicss/2.5.14:
    engines:
      node: '>= 12'
    hasBin: true
    resolution:
      integrity: sha512-8Lm7U1M5AzJPbiaVSVz7qWdETRzlkv//5LBMICBBAojos1jo09lUGhNZ5rBzHeldB9JmqYMDOGgrrXHExu0EAg==
  /wrappy/1.0.2:
    dev: true
    resolution:
      integrity: sha1-tSQ9jz7BqjXxNkYFvA0QNuMKtp8=
  /yallist/3.1.1:
    dev: true
    resolution:
      integrity: sha512-a4UGQaWPH59mOXUYnAG2ewncQS4i4F43Tv3JoAM+s2VDAmS9NsK8GpDMLrCHPksFT7h3K6TOoUNn2pb7RoXx4g==
  /yallist/4.0.0:
    resolution:
      integrity: sha512-3wdGidZyq5PB084XLES5TpOSRA3wjXAlIWMhum2kRcv/41Sn2emQ0dycQW4uZXLejwKvg6EsvbdlVL+FYEct7A==
specifiers:
  '@mdi/font': 5.9.55
  '@splidejs/splide': ^2.4.21
  '@types/animejs': ^3.1.3
  '@types/lodash': ^4.14.168
  '@types/node': ^14.14.37
  '@types/superagent': ^4.1.10
  '@vitejs/plugin-vue': ^1.2.1
  '@vue/compiler-sfc': ^3.0.11
  '@vueuse/core': ^4.8.1
  animejs: ^3.2.1
  class-transformer: ^0.4.0
  es6-shim: ^0.35.6
  fp-ts: ^2.10.0
  ky: ^0.27.0
  plyr: ^3.6.4
  reflect-metadata: ^0.1.13
  sass: ^1.32.8
  sass-loader: ^10.1.1
  superagent: ^6.1.0
  tailwindcss-font-inter: ^2.0.3
  typescript: ^4.2.4
  vite: ^2.1.5
  vite-plugin-windicss: ^0.10.4
  vue: ^3.0.11
  vue-cli-plugin-vuetify: ~2.3.1
  vue-lazy-loading: ^1.0.3
  vue-router: ^4.0.6
  vue-tsc: ^0.0.8
  vuex: ^4.0.0
  vuex-persistedstate: ^4.0.0-beta.3
  windicss: ^2.5.14
